{
    "name": "ui5.walkthrough",
    "version": "1.0.0",
    "lockfileVersion": 3,
    "requires": true,
    "packages": {
        "": {
            "name": "ui5.walkthrough",
            "version": "1.0.0",
            "devDependencies": {
                "@ui5/cli-monorepo": "github:ui5/cli"
            }
        },
        "node_modules/@ui5/cli-monorepo": {
            "version": "0.0.1",
            "resolved": "git+ssh://git@github.com/ui5/cli.git#d73f6b41ccb123ecb4357f6d3a178e900c070087",
            "dev": true,
            "license": "Apache-2.0",
            "workspaces": [
                "packages/*",
                "internal/*"
            ],
            "engines": {
                "node": "^22.20.0 || >=24.0.0",
                "npm": ">= 8"
            }
        }
    }
}
